
Microsoft Visual Studio Solution File, Format Version 12.00
# Visual Studio Version 16
VisualStudioVersion = 16.0.30907.101
MinimumVisualStudioVersion = 10.0.40219.1
Project("{FAE04EC0-301F-11D3-BF4B-00C04F79EFBC}") = "kek-clothing", "kek-clothing\kek-clothing.csproj", "{AAA9F278-F5EB-434D-9299-06E173A3BF5F}"
EndProject
Global
	GlobalSection(SolutionConfigurationPlatforms) = preSolution
		Debug|Any CPU = Debug|Any CPU
		Release|Any CPU = Release|Any CPU
	EndGlobalSection
	GlobalSection(ProjectConfigurationPlatforms) = postSolution
		{AAA9F278-F5EB-434D-9299-06E173A3BF5F}.Debug|Any CPU.ActiveCfg = Debug|Any CPU
		{AAA9F278-F5EB-434D-9299-06E173A3BF5F}.Debug|Any CPU.Build.0 = Debug|Any CPU
		{AAA9F278-F5EB-434D-9299-06E173A3BF5F}.Release|Any CPU.ActiveCfg = Release|Any CPU
		{AAA9F278-F5EB-434D-9299-06E173A3BF5F}.Release|Any CPU.Build.0 = Release|Any CPU
	EndGlobalSection
	GlobalSection(SolutionProperties) = preSolution
		HideSolutionNode = FALSE
	EndGlobalSection
	GlobalSection(ExtensibilityGlobals) = postSolution
		SolutionGuid = {F09EBD53-C0E3-43E3-82B2-BA5A8D98CC87}
	EndGlobalSection
EndGlobal
